
Microsoft Visual Studio Solution File, Format Version 12.00
# Visual Studio Version 16
VisualStudioVersion = 16.0.29609.76
MinimumVisualStudioVersion = 10.0.40219.1
Project("{FAE04EC0-301F-11D3-BF4B-00C04F79EFBC}") = "Draw", "Draw\Draw.csproj", "{A68BFB3B-6904-4E9F-93BD-422508E71034}"
EndProject
Global
	GlobalSection(SolutionConfigurationPlatforms) = preSolution
		Debug|Any CPU = Debug|Any CPU
		Release|Any CPU = Release|Any CPU
	EndGlobalSection
	GlobalSection(ProjectConfigurationPlatforms) = postSolution
		{A68BFB3B-6904-4E9F-93BD-422508E71034}.Debug|Any CPU.ActiveCfg = Debug|Any CPU
		{A68BFB3B-6904-4E9F-93BD-422508E71034}.Debug|Any CPU.Build.0 = Debug|Any CPU
		{A68BFB3B-6904-4E9F-93BD-422508E71034}.Release|Any CPU.ActiveCfg = Release|Any CPU
		{A68BFB3B-6904-4E9F-93BD-422508E71034}.Release|Any CPU.Build.0 = Release|Any CPU
	EndGlobalSection
	GlobalSection(SolutionProperties) = preSolution
		HideSolutionNode = FALSE
	EndGlobalSection
	GlobalSection(ExtensibilityGlobals) = postSolution
		SolutionGuid = {E0AB8069-01DC-4B0E-98DD-1D3ED5DC2B20}
	EndGlobalSection
EndGlobal
